
Microsoft Visual Studio Solution File, Format Version 12.00
# Visual Studio Version 17
VisualStudioVersion = 17.14.36616.10
MinimumVisualStudioVersion = 10.0.40219.1
Project("{FAE04EC0-301F-11D3-BF4B-00C04F79EFBC}") = "M001", "M001\M001.csproj", "{79A90947-FBFD-4E2A-9140-E121B15C62E6}"
EndProject
Global
	GlobalSection(SolutionConfigurationPlatforms) = preSolution
		Debug|Any CPU = Debug|Any CPU
		Release|Any CPU = Release|Any CPU
	EndGlobalSection
	GlobalSection(ProjectConfigurationPlatforms) = postSolution
		{79A90947-FBFD-4E2A-9140-E121B15C62E6}.Debug|Any CPU.ActiveCfg = Debug|Any CPU
		{79A90947-FBFD-4E2A-9140-E121B15C62E6}.Debug|Any CPU.Build.0 = Debug|Any CPU
		{79A90947-FBFD-4E2A-9140-E121B15C62E6}.Debug|Any CPU.Deploy.0 = Debug|Any CPU
		{79A90947-FBFD-4E2A-9140-E121B15C62E6}.Release|Any CPU.ActiveCfg = Release|Any CPU
		{79A90947-FBFD-4E2A-9140-E121B15C62E6}.Release|Any CPU.Build.0 = Release|Any CPU
	EndGlobalSection
	GlobalSection(SolutionProperties) = preSolution
		HideSolutionNode = FALSE
	EndGlobalSection
	GlobalSection(ExtensibilityGlobals) = postSolution
		SolutionGuid = {71ED2D89-C542-4CAD-AC26-8A5B534FC398}
	EndGlobalSection
EndGlobal
