
Microsoft Visual Studio Solution File, Format Version 12.00
# Visual Studio Version 17
VisualStudioVersion = 17.14.36616.10
MinimumVisualStudioVersion = 10.0.40219.1
Project("{FAE04EC0-301F-11D3-BF4B-00C04F79EFBC}") = "M002", "M002\M002.csproj", "{79A90947-FBFD-4E2A-9140-E121B15C62E6}"
EndProject
Project("{FAE04EC0-301F-11D3-BF4B-00C04F79EFBC}") = "M003", "M003\M003.csproj", "{3C851FC4-1FD9-4DB7-B7BB-8F5B44A24D22}"
EndProject
Project("{FAE04EC0-301F-11D3-BF4B-00C04F79EFBC}") = "M004", "M004\M004.csproj", "{C1F044D2-46B2-4D97-B1C8-77B0B0DA0BF9}"
EndProject
Project("{FAE04EC0-301F-11D3-BF4B-00C04F79EFBC}") = "M005", "M005\M005.csproj", "{023E36AD-AC74-4981-BBC0-7B337465F71B}"
EndProject
Project("{FAE04EC0-301F-11D3-BF4B-00C04F79EFBC}") = "M006", "M006\M006.csproj", "{262F0F2F-23B4-4D86-8336-86E423194094}"
EndProject
Project("{FAE04EC0-301F-11D3-BF4B-00C04F79EFBC}") = "M007", "M007\M007.csproj", "{E27B6C1D-4A34-477B-A311-E791CD23F8DA}"
EndProject
Project("{FAE04EC0-301F-11D3-BF4B-00C04F79EFBC}") = "M008", "M008\M008.csproj", "{1CE25B60-C951-486D-AE53-6C70290C31D4}"
EndProject
Project("{FAE04EC0-301F-11D3-BF4B-00C04F79EFBC}") = "M009", "M009\M009.csproj", "{A7B55585-4897-4DFB-827A-B78B5A5DF8C2}"
EndProject
Global
	GlobalSection(SolutionConfigurationPlatforms) = preSolution
		Debug|Any CPU = Debug|Any CPU
		Release|Any CPU = Release|Any CPU
	EndGlobalSection
	GlobalSection(ProjectConfigurationPlatforms) = postSolution
		{79A90947-FBFD-4E2A-9140-E121B15C62E6}.Debug|Any CPU.ActiveCfg = Debug|Any CPU
		{79A90947-FBFD-4E2A-9140-E121B15C62E6}.Debug|Any CPU.Build.0 = Debug|Any CPU
		{79A90947-FBFD-4E2A-9140-E121B15C62E6}.Debug|Any CPU.Deploy.0 = Debug|Any CPU
		{79A90947-FBFD-4E2A-9140-E121B15C62E6}.Release|Any CPU.ActiveCfg = Release|Any CPU
		{79A90947-FBFD-4E2A-9140-E121B15C62E6}.Release|Any CPU.Build.0 = Release|Any CPU
		{3C851FC4-1FD9-4DB7-B7BB-8F5B44A24D22}.Debug|Any CPU.ActiveCfg = Debug|Any CPU
		{3C851FC4-1FD9-4DB7-B7BB-8F5B44A24D22}.Debug|Any CPU.Build.0 = Debug|Any CPU
		{3C851FC4-1FD9-4DB7-B7BB-8F5B44A24D22}.Debug|Any CPU.Deploy.0 = Debug|Any CPU
		{3C851FC4-1FD9-4DB7-B7BB-8F5B44A24D22}.Release|Any CPU.ActiveCfg = Release|Any CPU
		{3C851FC4-1FD9-4DB7-B7BB-8F5B44A24D22}.Release|Any CPU.Build.0 = Release|Any CPU
		{C1F044D2-46B2-4D97-B1C8-77B0B0DA0BF9}.Debug|Any CPU.ActiveCfg = Debug|Any CPU
		{C1F044D2-46B2-4D97-B1C8-77B0B0DA0BF9}.Debug|Any CPU.Build.0 = Debug|Any CPU
		{C1F044D2-46B2-4D97-B1C8-77B0B0DA0BF9}.Debug|Any CPU.Deploy.0 = Debug|Any CPU
		{C1F044D2-46B2-4D97-B1C8-77B0B0DA0BF9}.Release|Any CPU.ActiveCfg = Release|Any CPU
		{C1F044D2-46B2-4D97-B1C8-77B0B0DA0BF9}.Release|Any CPU.Build.0 = Release|Any CPU
		{023E36AD-AC74-4981-BBC0-7B337465F71B}.Debug|Any CPU.ActiveCfg = Debug|Any CPU
		{023E36AD-AC74-4981-BBC0-7B337465F71B}.Debug|Any CPU.Build.0 = Debug|Any CPU
		{023E36AD-AC74-4981-BBC0-7B337465F71B}.Debug|Any CPU.Deploy.0 = Debug|Any CPU
		{023E36AD-AC74-4981-BBC0-7B337465F71B}.Release|Any CPU.ActiveCfg = Release|Any CPU
		{023E36AD-AC74-4981-BBC0-7B337465F71B}.Release|Any CPU.Build.0 = Release|Any CPU
		{262F0F2F-23B4-4D86-8336-86E423194094}.Debug|Any CPU.ActiveCfg = Debug|Any CPU
		{262F0F2F-23B4-4D86-8336-86E423194094}.Debug|Any CPU.Build.0 = Debug|Any CPU
		{262F0F2F-23B4-4D86-8336-86E423194094}.Debug|Any CPU.Deploy.0 = Debug|Any CPU
		{262F0F2F-23B4-4D86-8336-86E423194094}.Release|Any CPU.ActiveCfg = Release|Any CPU
		{262F0F2F-23B4-4D86-8336-86E423194094}.Release|Any CPU.Build.0 = Release|Any CPU
		{E27B6C1D-4A34-477B-A311-E791CD23F8DA}.Debug|Any CPU.ActiveCfg = Debug|Any CPU
		{E27B6C1D-4A34-477B-A311-E791CD23F8DA}.Debug|Any CPU.Build.0 = Debug|Any CPU
		{E27B6C1D-4A34-477B-A311-E791CD23F8DA}.Debug|Any CPU.Deploy.0 = Debug|Any CPU
		{E27B6C1D-4A34-477B-A311-E791CD23F8DA}.Release|Any CPU.ActiveCfg = Release|Any CPU
		{E27B6C1D-4A34-477B-A311-E791CD23F8DA}.Release|Any CPU.Build.0 = Release|Any CPU
		{1CE25B60-C951-486D-AE53-6C70290C31D4}.Debug|Any CPU.ActiveCfg = Debug|Any CPU
		{1CE25B60-C951-486D-AE53-6C70290C31D4}.Debug|Any CPU.Build.0 = Debug|Any CPU
		{1CE25B60-C951-486D-AE53-6C70290C31D4}.Release|Any CPU.ActiveCfg = Release|Any CPU
		{1CE25B60-C951-486D-AE53-6C70290C31D4}.Release|Any CPU.Build.0 = Release|Any CPU
		{A7B55585-4897-4DFB-827A-B78B5A5DF8C2}.Debug|Any CPU.ActiveCfg = Debug|Any CPU
		{A7B55585-4897-4DFB-827A-B78B5A5DF8C2}.Debug|Any CPU.Build.0 = Debug|Any CPU
		{A7B55585-4897-4DFB-827A-B78B5A5DF8C2}.Debug|Any CPU.Deploy.0 = Debug|Any CPU
		{A7B55585-4897-4DFB-827A-B78B5A5DF8C2}.Release|Any CPU.ActiveCfg = Release|Any CPU
		{A7B55585-4897-4DFB-827A-B78B5A5DF8C2}.Release|Any CPU.Build.0 = Release|Any CPU
	EndGlobalSection
	GlobalSection(SolutionProperties) = preSolution
		HideSolutionNode = FALSE
	EndGlobalSection
	GlobalSection(ExtensibilityGlobals) = postSolution
		SolutionGuid = {71ED2D89-C542-4CAD-AC26-8A5B534FC398}
	EndGlobalSection
EndGlobal
